<?xml version="1.0" encoding="utf-8"?>
<Project ToolsVersion="4.0" xmlns="http://schemas.microsoft.com/developer/msbuild/2003">
  <ItemGroup>
    <Filter Include="Source Files">
      <UniqueIdentifier>{4FC737F1-C7A5-4376-A066-2A32D752A2FF}</UniqueIdentifier>
      <Extensions>cpp;c;cc;cxx;def;odl;idl;hpj;bat;asm;asmx</Extensions>
    </Filter>
    <Filter Include="Header Files">
      <UniqueIdentifier>{93995380-89BD-4b04-88EB-625FBE52EBFB}</UniqueIdentifier>
      <Extensions>h;hh;hpp;hxx;hm;inl;inc;ipp;xsd</Extensions>
    </Filter>
    <Filter Include="Resource Files">
      <UniqueIdentifier>{67DA6AB6-F800-4c08-8B7A-83BB121AAD01}</UniqueIdentifier>
      <Extensions>rc;ico;cur;bmp;dlg;rc2;rct;bin;rgs;gif;jpg;jpeg;jpe;resx;tiff;tif;png;wav;mfcribbon-ms</Extensions>
    </Filter>
  </ItemGroup>
  <ItemGroup>
    <ClCompile Include="source\main.cc">
      <Filter>Source Files</Filter>
    </ClCompile>
    <ClCompile Include="source\byte_stream.cc">
      <Filter>Source Files</Filter>
    </ClCompile>
    <ClCompile Include="source\ip_address.cc">
      <Filter>Source Files</Filter>
    </ClCompile>
    <ClCompile Include="source\udp_socket.cc">
      <Filter>Source Files</Filter>
    </ClCompile>
    <ClCompile Include="source\protocol.cc">
      <Filter>Source Files</Filter>
    </ClCompile>
    <ClCompile Include="source\network.cc">
      <Filter>Source Files</Filter>
    </ClCompile>
    <ClCompile Include="source\server.cc">
      <Filter>Source Files</Filter>
    </ClCompile>
    <ClCompile Include="source\util.cc">
      <Filter>Source Files</Filter>
    </ClCompile>
    <ClCompile Include="source\Bullet.cpp">
      <Filter>Source Files</Filter>
    </ClCompile>
    <ClCompile Include="source\Collider.cpp">
      <Filter>Source Files</Filter>
    </ClCompile>
    <ClCompile Include="source\CollisionManager.cpp">
      <Filter>Source Files</Filter>
    </ClCompile>
    <ClCompile Include="source\Game_Server.cpp">
      <Filter>Source Files</Filter>
    </ClCompile>
    <ClCompile Include="source\ICollideable.cpp">
      <Filter>Source Files</Filter>
    </ClCompile>
    <ClCompile Include="source\IEntity.cpp">
      <Filter>Source Files</Filter>
    </ClCompile>
    <ClCompile Include="source\IState.cpp">
      <Filter>Source Files</Filter>
    </ClCompile>
    <ClCompile Include="source\StateManager.cpp">
      <Filter>Source Files</Filter>
    </ClCompile>
    <ClCompile Include="source\TestPlayerObject.cpp">
      <Filter>Source Files</Filter>
    </ClCompile>
    <ClCompile Include="source\Vec.cpp">
      <Filter>Source Files</Filter>
    </ClCompile>
    <ClCompile Include="source\stdafx.cpp">
      <Filter>Source Files</Filter>
    </ClCompile>
    <ClCompile Include="source\LevelCreator.cpp">
      <Filter>Source Files</Filter>
    </ClCompile>
    <ClCompile Include="source\Wall.cpp">
      <Filter>Source Files</Filter>
    </ClCompile>
    <ClCompile Include="source\PlayState.cpp">
      <Filter>Source Files</Filter>
    </ClCompile>
    <ClCompile Include="source\ObjectPool.cpp">
      <Filter>Source Files</Filter>
    </ClCompile>
  </ItemGroup>
  <ItemGroup>
    <ClInclude Include="source\types.h">
      <Filter>Header Files</Filter>
    </ClInclude>
    <ClInclude Include="source\protocol.h">
      <Filter>Header Files</Filter>
    </ClInclude>
    <ClInclude Include="source\server.h">
      <Filter>Header Files</Filter>
    </ClInclude>
    <ClInclude Include="source\client.h">
      <Filter>Header Files</Filter>
    </ClInclude>
    <ClInclude Include="source\util.h">
      <Filter>Header Files</Filter>
    </ClInclude>
    <ClInclude Include="source\Bullet.h">
      <Filter>Header Files</Filter>
    </ClInclude>
    <ClInclude Include="source\Collider.h">
      <Filter>Header Files</Filter>
    </ClInclude>
    <ClInclude Include="source\CollisionManager.h">
      <Filter>Header Files</Filter>
    </ClInclude>
    <ClInclude Include="source\Game_Server.h">
      <Filter>Header Files</Filter>
    </ClInclude>
    <ClInclude Include="source\ICollideable.h">
      <Filter>Header Files</Filter>
    </ClInclude>
    <ClInclude Include="source\IEntity.h">
      <Filter>Header Files</Filter>
    </ClInclude>
    <ClInclude Include="source\IState.h">
      <Filter>Header Files</Filter>
    </ClInclude>
    <ClInclude Include="source\StateManager.h">
      <Filter>Header Files</Filter>
    </ClInclude>
    <ClInclude Include="source\TestPlayerObject.h">
      <Filter>Header Files</Filter>
    </ClInclude>
    <ClInclude Include="source\Vec.h">
      <Filter>Header Files</Filter>
    </ClInclude>
    <ClInclude Include="source\targetver.h">
      <Filter>Header Files</Filter>
    </ClInclude>
    <ClInclude Include="source\stdafx.h">
      <Filter>Header Files</Filter>
    </ClInclude>
    <ClInclude Include="source\LevelCreator.h">
      <Filter>Header Files</Filter>
    </ClInclude>
    <ClInclude Include="source\Wall.h">
      <Filter>Header Files</Filter>
    </ClInclude>
    <ClInclude Include="source\Constants.h">
      <Filter>Header Files</Filter>
    </ClInclude>
    <ClInclude Include="source\PlayState.h">
      <Filter>Header Files</Filter>
    </ClInclude>
    <ClInclude Include="source\ObjectPool.h">
      <Filter>Header Files</Filter>
    </ClInclude>
    <ClInclude Include="source\ServiceLocator.h">
      <Filter>Header Files</Filter>
    </ClInclude>
  </ItemGroup>
</Project>