<?xml version="1.0" encoding="utf-8"?>
<Project ToolsVersion="4.0" xmlns="http://schemas.microsoft.com/developer/msbuild/2003">
  <ItemGroup>
    <Filter Include="Source Files">
      <UniqueIdentifier>{4FC737F1-C7A5-4376-A066-2A32D752A2FF}</UniqueIdentifier>
      <Extensions>cpp;c;cc;cxx;def;odl;idl;hpj;bat;asm;asmx</Extensions>
    </Filter>
    <Filter Include="Header Files">
      <UniqueIdentifier>{93995380-89BD-4b04-88EB-625FBE52EBFB}</UniqueIdentifier>
      <Extensions>h;hh;hpp;hxx;hm;inl;inc;ipp;xsd</Extensions>
    </Filter>
    <Filter Include="Resource Files">
      <UniqueIdentifier>{67DA6AB6-F800-4c08-8B7A-83BB121AAD01}</UniqueIdentifier>
      <Extensions>rc;ico;cur;bmp;dlg;rc2;rct;bin;rgs;gif;jpg;jpeg;jpe;resx;tiff;tif;png;wav;mfcribbon-ms</Extensions>
    </Filter>
  </ItemGroup>
  <ItemGroup>
    <ClCompile Include="source\main.cc">
      <Filter>Source Files</Filter>
    </ClCompile>
    <ClCompile Include="source\byte_stream.cc">
      <Filter>Source Files</Filter>
    </ClCompile>
    <ClCompile Include="source\ip_address.cc">
      <Filter>Source Files</Filter>
    </ClCompile>
    <ClCompile Include="source\udp_socket.cc">
      <Filter>Source Files</Filter>
    </ClCompile>
    <ClCompile Include="source\protocol.cc">
      <Filter>Source Files</Filter>
    </ClCompile>
    <ClCompile Include="source\network.cc">
      <Filter>Source Files</Filter>
    </ClCompile>
    <ClCompile Include="source\util.cc">
      <Filter>Source Files</Filter>
    </ClCompile>
    <ClCompile Include="source\IState.cpp">
      <Filter>Source Files</Filter>
    </ClCompile>
    <ClCompile Include="source\StateMachine.cpp">
      <Filter>Source Files</Filter>
    </ClCompile>
    <ClCompile Include="source\StateConnectionRequest.cpp">
      <Filter>Source Files</Filter>
    </ClCompile>
    <ClCompile Include="source\StateReceiveChallenge.cpp">
      <Filter>Source Files</Filter>
    </ClCompile>
    <ClCompile Include="source\StateChallengeResponse.cpp">
      <Filter>Source Files</Filter>
    </ClCompile>
    <ClCompile Include="source\StateConnected.cpp">
      <Filter>Source Files</Filter>
    </ClCompile>
    <ClCompile Include="source\stdafx.cpp">
      <Filter>Source Files</Filter>
    </ClCompile>
    <ClCompile Include="source\InputManager.cpp">
      <Filter>Source Files</Filter>
    </ClCompile>
    <ClCompile Include="source\Keyboard.cpp">
      <Filter>Source Files</Filter>
    </ClCompile>
    <ClCompile Include="source\Mouse.cpp">
      <Filter>Source Files</Filter>
    </ClCompile>
    <ClCompile Include="source\DrawManager.cpp">
      <Filter>Source Files</Filter>
    </ClCompile>
    <ClCompile Include="source\LevelCreator.cpp">
      <Filter>Source Files</Filter>
    </ClCompile>
    <ClCompile Include="source\Wall.cpp">
      <Filter>Source Files</Filter>
    </ClCompile>
    <ClCompile Include="source\ICollideable.cpp">
      <Filter>Source Files</Filter>
    </ClCompile>
    <ClCompile Include="source\IDrawable.cpp">
      <Filter>Source Files</Filter>
    </ClCompile>
    <ClCompile Include="source\IEntity.cpp">
      <Filter>Source Files</Filter>
    </ClCompile>
    <ClCompile Include="source\Collider.cpp">
      <Filter>Source Files</Filter>
    </ClCompile>
    <ClCompile Include="source\CollisionManager.cpp">
      <Filter>Source Files</Filter>
    </ClCompile>
    <ClCompile Include="source\Vec.cpp">
      <Filter>Source Files</Filter>
    </ClCompile>
    <ClCompile Include="source\Tank.cpp">
      <Filter>Source Files</Filter>
    </ClCompile>
    <ClCompile Include="source\Sprite.cpp">
      <Filter>Source Files</Filter>
    </ClCompile>
    <ClCompile Include="source\SpriteManager.cpp">
      <Filter>Source Files</Filter>
    </ClCompile>
    <ClCompile Include="source\Header.cpp">
      <Filter>Source Files</Filter>
    </ClCompile>
    <ClCompile Include="source\Bullet.cpp">
      <Filter>Source Files</Filter>
    </ClCompile>
    <ClCompile Include="source\Lobby.cpp">
      <Filter>Source Files</Filter>
    </ClCompile>
    <ClCompile Include="source\ButtonManager.cpp">
      <Filter>Source Files</Filter>
    </ClCompile>
    <ClCompile Include="source\Button.cpp">
      <Filter>Source Files</Filter>
    </ClCompile>
    <ClCompile Include="source\FontManager.cpp">
      <Filter>Source Files</Filter>
    </ClCompile>
    <ClCompile Include="source\Surface.cpp">
      <Filter>Source Files</Filter>
    </ClCompile>
    <ClCompile Include="source\TextTexture.cpp">
      <Filter>Source Files</Filter>
    </ClCompile>
    <ClCompile Include="source\HUD.cpp">
      <Filter>Source Files</Filter>
    </ClCompile>
    <ClCompile Include="source\GameplayMessages.cpp">
      <Filter>Source Files</Filter>
    </ClCompile>
    <ClCompile Include="source\TextString.cpp">
      <Filter>Source Files</Filter>
    </ClCompile>
    <ClCompile Include="source\GameRunner.cpp">
      <Filter>Source Files</Filter>
    </ClCompile>
    <ClCompile Include="source\Timer.cpp">
      <Filter>Source Files</Filter>
    </ClCompile>
    <ClCompile Include="source\SubMenu.cpp">
      <Filter>Source Files</Filter>
    </ClCompile>
  </ItemGroup>
  <ItemGroup>
    <ClInclude Include="source\types.h">
      <Filter>Header Files</Filter>
    </ClInclude>
    <ClInclude Include="source\protocol.h">
      <Filter>Header Files</Filter>
    </ClInclude>
    <ClInclude Include="source\util.h">
      <Filter>Header Files</Filter>
    </ClInclude>
    <ClInclude Include="source\StateMachine.h">
      <Filter>Header Files</Filter>
    </ClInclude>
    <ClInclude Include="source\IState.h">
      <Filter>Header Files</Filter>
    </ClInclude>
    <ClInclude Include="source\StateConnectionRequest.h">
      <Filter>Header Files</Filter>
    </ClInclude>
    <ClInclude Include="source\Config.h">
      <Filter>Header Files</Filter>
    </ClInclude>
    <ClInclude Include="source\StateReceiveChallenge.h">
      <Filter>Header Files</Filter>
    </ClInclude>
    <ClInclude Include="source\StateChallengeResponse.h">
      <Filter>Header Files</Filter>
    </ClInclude>
    <ClInclude Include="source\StateConnected.h">
      <Filter>Header Files</Filter>
    </ClInclude>
    <ClInclude Include="source\ServiceLocator.h">
      <Filter>Header Files</Filter>
    </ClInclude>
    <ClInclude Include="source\targetver.h">
      <Filter>Header Files</Filter>
    </ClInclude>
    <ClInclude Include="source\stdafx.h">
      <Filter>Header Files</Filter>
    </ClInclude>
    <ClInclude Include="source\Mouse.h">
      <Filter>Header Files</Filter>
    </ClInclude>
    <ClInclude Include="source\InputManager.h">
      <Filter>Header Files</Filter>
    </ClInclude>
    <ClInclude Include="source\Keyboard.h">
      <Filter>Header Files</Filter>
    </ClInclude>
    <ClInclude Include="source\DrawManager.h">
      <Filter>Header Files</Filter>
    </ClInclude>
    <ClInclude Include="source\LevelCreator.h">
      <Filter>Header Files</Filter>
    </ClInclude>
    <ClInclude Include="source\Wall.h">
      <Filter>Header Files</Filter>
    </ClInclude>
    <ClInclude Include="source\ICollideable.h">
      <Filter>Header Files</Filter>
    </ClInclude>
    <ClInclude Include="source\IDrawable.h">
      <Filter>Header Files</Filter>
    </ClInclude>
    <ClInclude Include="source\IEntity.h">
      <Filter>Header Files</Filter>
    </ClInclude>
    <ClInclude Include="source\Collider.h">
      <Filter>Header Files</Filter>
    </ClInclude>
    <ClInclude Include="source\CollisionManager.h">
      <Filter>Header Files</Filter>
    </ClInclude>
    <ClInclude Include="source\Vec.h">
      <Filter>Header Files</Filter>
    </ClInclude>
    <ClInclude Include="source\Tank.h">
      <Filter>Header Files</Filter>
    </ClInclude>
    <ClInclude Include="source\Sprite.h">
      <Filter>Header Files</Filter>
    </ClInclude>
    <ClInclude Include="source\SpriteManager.h">
      <Filter>Header Files</Filter>
    </ClInclude>
    <ClInclude Include="source\Bullet.h">
      <Filter>Header Files</Filter>
    </ClInclude>
    <ClInclude Include="source\Constants.h">
      <Filter>Header Files</Filter>
    </ClInclude>
    <ClInclude Include="source\Lobby.h">
      <Filter>Header Files</Filter>
    </ClInclude>
    <ClInclude Include="source\ButtonManager.h">
      <Filter>Header Files</Filter>
    </ClInclude>
    <ClInclude Include="source\Button.h">
      <Filter>Header Files</Filter>
    </ClInclude>
    <ClInclude Include="source\FontManager.h">
      <Filter>Header Files</Filter>
    </ClInclude>
    <ClInclude Include="source\Surface.h">
      <Filter>Header Files</Filter>
    </ClInclude>
    <ClInclude Include="source\TextTexture.h">
      <Filter>Header Files</Filter>
    </ClInclude>
    <ClInclude Include="source\HUD.h">
      <Filter>Header Files</Filter>
    </ClInclude>
    <ClInclude Include="source\GameplayMessages.h">
      <Filter>Header Files</Filter>
    </ClInclude>
    <ClInclude Include="source\TextString.h">
      <Filter>Header Files</Filter>
    </ClInclude>
    <ClInclude Include="source\GameRunner.h">
      <Filter>Header Files</Filter>
    </ClInclude>
    <ClInclude Include="source\Timer.h">
      <Filter>Header Files</Filter>
    </ClInclude>
    <ClInclude Include="source\SubMenu.h">
      <Filter>Header Files</Filter>
    </ClInclude>
  </ItemGroup>
</Project>